<?xml version="1.0" encoding="utf-8"?>
<Project xmlns="http://schemas.microsoft.com/developer/msbuild/2003">
  <ItemGroup>
    <Filter Include="Generated Files">
      <UniqueIdentifier>{71ED8ED8-ACB9-4CE9-BBE1-E00B30144E11}</UniqueIdentifier>
      <Extensions>cpp;c;cxx;moc;h;def;odl;idl;res;</Extensions>
    </Filter>
    <Filter Include="Header Files">
      <UniqueIdentifier>{93995380-89BD-4b04-88EB-625FBE52EBFB}</UniqueIdentifier>
      <Extensions>h;hpp;hxx;hm;inl;inc;xsd</Extensions>
    </Filter>
    <Filter Include="Source Files">
      <UniqueIdentifier>{4FC737F1-C7A5-4376-A066-2A32D752A2FF}</UniqueIdentifier>
      <Extensions>cpp;c;cxx;def;odl;idl;hpj;bat;asm;asmx</Extensions>
    </Filter>
  </ItemGroup>
  <ItemGroup>
    <ClCompile Include="src\geometry\ConvexHull.cpp">
      <Filter>Source Files</Filter>
    </ClCompile>
    <ClCompile Include="src\config\DeepNestConfig.cpp">
      <Filter>Source Files</Filter>
    </ClCompile>
    <ClCompile Include="src\DeepNestSolver.cpp">
      <Filter>Source Files</Filter>
    </ClCompile>
    <ClCompile Include="src\algorithm\GeneticAlgorithm.cpp">
      <Filter>Source Files</Filter>
    </ClCompile>
    <ClCompile Include="src\geometry\GeometryUtil.cpp">
      <Filter>Source Files</Filter>
    </ClCompile>
    <ClCompile Include="src\geometry\GeometryUtilAdvanced.cpp">
      <Filter>Source Files</Filter>
    </ClCompile>
    <ClCompile Include="src\algorithm\Individual.cpp">
      <Filter>Source Files</Filter>
    </ClCompile>
    <ClCompile Include="src\placement\MergeDetection.cpp">
      <Filter>Source Files</Filter>
    </ClCompile>
    <ClCompile Include="src\nfp\MinkowskiSum.cpp">
      <Filter>Source Files</Filter>
    </ClCompile>
    <ClCompile Include="src\nfp\NFPCache.cpp">
      <Filter>Source Files</Filter>
    </ClCompile>
    <ClCompile Include="src\nfp\NFPCalculator.cpp">
      <Filter>Source Files</Filter>
    </ClCompile>
    <ClCompile Include="src\engine\NestingEngine.cpp">
      <Filter>Source Files</Filter>
    </ClCompile>
    <ClCompile Include="src\parallel\ParallelProcessor.cpp">
      <Filter>Source Files</Filter>
    </ClCompile>
    <ClCompile Include="src\placement\PlacementStrategy.cpp">
      <Filter>Source Files</Filter>
    </ClCompile>
    <ClCompile Include="src\placement\PlacementWorker.cpp">
      <Filter>Source Files</Filter>
    </ClCompile>
    <ClCompile Include="src\core\Point.cpp">
      <Filter>Source Files</Filter>
    </ClCompile>
    <ClCompile Include="src\core\Polygon.cpp">
      <Filter>Source Files</Filter>
    </ClCompile>
    <ClCompile Include="src\geometry\PolygonOperations.cpp">
      <Filter>Source Files</Filter>
    </ClCompile>
    <ClCompile Include="src\algorithm\Population.cpp">
      <Filter>Source Files</Filter>
    </ClCompile>
    <ClCompile Include="src\converters\QtBoostConverter.cpp">
      <Filter>Source Files</Filter>
    </ClCompile>
    <ClCompile Include="src\geometry\Transformation.cpp">
      <Filter>Source Files</Filter>
    </ClCompile>
    <ClCompile Include="src\core\Types.cpp">
      <Filter>Source Files</Filter>
    </ClCompile>
    <ClCompile Include="..\Clipper2Lib\src\clipper.engine.cpp">
      <Filter>Source Files</Filter>
    </ClCompile>
    <ClCompile Include="..\Clipper2Lib\src\clipper.offset.cpp">
      <Filter>Source Files</Filter>
    </ClCompile>
    <ClCompile Include="..\Clipper2Lib\src\clipper.rectclip.cpp">
      <Filter>Source Files</Filter>
    </ClCompile>
    <ClCompile Include="src\geometry\OrbitalHelpers.cpp">
      <Filter>Source Files</Filter>
    </ClCompile>
    <ClCompile Include="src\geometry\PolygonHierarchy.cpp">
      <Filter>Source Files</Filter>
    </ClCompile>
  </ItemGroup>
  <ItemGroup>
    <ClInclude Include="include\deepnest\core\BoundingBox.h">
      <Filter>Header Files</Filter>
    </ClInclude>
    <ClInclude Include="include\deepnest\geometry\ConvexHull.h">
      <Filter>Header Files</Filter>
    </ClInclude>
    <ClInclude Include="include\deepnest\config\DeepNestConfig.h">
      <Filter>Header Files</Filter>
    </ClInclude>
    <ClInclude Include="include\deepnest\DeepNestSolver.h">
      <Filter>Header Files</Filter>
    </ClInclude>
    <ClInclude Include="include\deepnest\algorithm\GeneticAlgorithm.h">
      <Filter>Header Files</Filter>
    </ClInclude>
    <ClInclude Include="include\deepnest\geometry\GeometryUtil.h">
      <Filter>Header Files</Filter>
    </ClInclude>
    <ClInclude Include="include\deepnest\geometry\GeometryUtilAdvanced.h">
      <Filter>Header Files</Filter>
    </ClInclude>
    <ClInclude Include="include\deepnest\algorithm\Individual.h">
      <Filter>Header Files</Filter>
    </ClInclude>
    <ClInclude Include="include\deepnest\placement\MergeDetection.h">
      <Filter>Header Files</Filter>
    </ClInclude>
    <ClInclude Include="include\deepnest\nfp\MinkowskiSum.h">
      <Filter>Header Files</Filter>
    </ClInclude>
    <ClInclude Include="include\deepnest\nfp\NFPCache.h">
      <Filter>Header Files</Filter>
    </ClInclude>
    <ClInclude Include="include\deepnest\nfp\NFPCalculator.h">
      <Filter>Header Files</Filter>
    </ClInclude>
    <ClInclude Include="include\deepnest\engine\NestingEngine.h">
      <Filter>Header Files</Filter>
    </ClInclude>
    <ClInclude Include="include\deepnest\parallel\ParallelProcessor.h">
      <Filter>Header Files</Filter>
    </ClInclude>
    <ClInclude Include="include\deepnest\placement\PlacementStrategy.h">
      <Filter>Header Files</Filter>
    </ClInclude>
    <ClInclude Include="include\deepnest\placement\PlacementWorker.h">
      <Filter>Header Files</Filter>
    </ClInclude>
    <ClInclude Include="include\deepnest\core\Point.h">
      <Filter>Header Files</Filter>
    </ClInclude>
    <ClInclude Include="include\deepnest\core\Polygon.h">
      <Filter>Header Files</Filter>
    </ClInclude>
    <ClInclude Include="include\deepnest\geometry\PolygonOperations.h">
      <Filter>Header Files</Filter>
    </ClInclude>
    <ClInclude Include="include\deepnest\algorithm\Population.h">
      <Filter>Header Files</Filter>
    </ClInclude>
    <ClInclude Include="include\deepnest\geometry\Transformation.h">
      <Filter>Header Files</Filter>
    </ClInclude>
    <ClInclude Include="include\deepnest\core\Types.h">
      <Filter>Header Files</Filter>
    </ClInclude>
    <ClInclude Include="include\deepnest\geometry\OrbitalTypes.h">
      <Filter>Header Files</Filter>
    </ClInclude>
    <ClInclude Include="include\deepnest\DebugConfig.h">
      <Filter>Header Files</Filter>
    </ClInclude>
    <ClInclude Include="include\deepnest\geometry\PolygonHierarchy.h">
      <Filter>Header Files</Filter>
    </ClInclude>
  </ItemGroup>
  <ItemGroup>
    <CustomBuild Include=".\build\moc\moc_predefs.h.cbt" />
  </ItemGroup>
</Project>